
Microsoft Visual Studio Solution File, Format Version 12.00
# Visual Studio Version 17
VisualStudioVersion = 17.5.33414.496
MinimumVisualStudioVersion = 10.0.40219.1
Project("{8BC9CEB8-8B4A-11D0-8D11-00A0C91BC942}") = "0010.1.1初始化数组", "0010.1.1初始化数组\0010.1.1初始化数组.vcxproj", "{7BF2BA09-C625-43F6-811C-E02E93709B31}"
EndProject
Project("{8BC9CEB8-8B4A-11D0-8D11-00A0C91BC942}") = "0010.1.2指定初始化器(C99)", "0010.1.2指定初始化器(C99)\0010.1.2指定初始化器(C99).vcxproj", "{A278E689-918D-4DF2-8400-0C7F1CBB517D}"
EndProject
Project("{8BC9CEB8-8B4A-11D0-8D11-00A0C91BC942}") = "0010.2多维数组", "0010.2多维数组\0010.2多维数组.vcxproj", "{B01FB1FB-50DF-43C6-A649-3D35387B684E}"
EndProject
Project("{8BC9CEB8-8B4A-11D0-8D11-00A0C91BC942}") = "0010.3指针和数组", "0010.3指针和数组\0010.3指针和数组.vcxproj", "{F27D3107-4C00-4ACE-873A-8D083528149A}"
EndProject
Project("{8BC9CEB8-8B4A-11D0-8D11-00A0C91BC942}") = "0010.4函数、数组和指针", "0010.4函数、数组和指针\0010.4函数、数组和指针.vcxproj", "{098FF911-1835-4455-85DA-F619CE476603}"
EndProject
Project("{8BC9CEB8-8B4A-11D0-8D11-00A0C91BC942}") = "0010.5指针操作", "0010.5指针操作\0010.5指针操作.vcxproj", "{8E881982-35A7-4FE2-BD88-0D1B16D22A77}"
EndProject
Project("{8BC9CEB8-8B4A-11D0-8D11-00A0C91BC942}") = "0010.6.1对形式参数使用const", "0010.6.1对形式参数使用const\0010.6.1对形式参数使用const.vcxproj", "{E091F53E-1735-4359-B58B-79D086642E6B}"
EndProject
Project("{8BC9CEB8-8B4A-11D0-8D11-00A0C91BC942}") = "0010.7.0指针和多维数组", "0010.7.0指针和多维数组\0010.7.0指针和多维数组.vcxproj", "{957B9EDD-D91C-473D-B0F7-2130C28FA2F0}"
EndProject
Project("{8BC9CEB8-8B4A-11D0-8D11-00A0C91BC942}") = "0010.7.1指向多维数组的指针", "0010.7.1指向多维数组的指针\0010.7.1指向多维数组的指针.vcxproj", "{40D8C2AC-B2F3-437B-9D50-C89C0D8E1306}"
EndProject
Project("{8BC9CEB8-8B4A-11D0-8D11-00A0C91BC942}") = "0010.7.2指针的兼容性", "0010.7.2指针的兼容性\0010.7.2指针的兼容性.vcxproj", "{5273C5F2-4243-41A6-9F8D-1E94F219EDA3}"
EndProject
Project("{8BC9CEB8-8B4A-11D0-8D11-00A0C91BC942}") = "0010.7.3函数和多维数组", "0010.7.3函数和多维数组\0010.7.3函数和多维数组.vcxproj", "{EBF6837C-04B0-4914-9BC3-8AC072E6B300}"
EndProject
Project("{8BC9CEB8-8B4A-11D0-8D11-00A0C91BC942}") = "0010.8变长数组（VLA）", "0010.8变长数组（VLA）\0010.8变长数组（VLA）.vcxproj", "{97C614B3-8820-4FEB-B215-10467CC2DE61}"
EndProject
Global
	GlobalSection(SolutionConfigurationPlatforms) = preSolution
		Debug|x64 = Debug|x64
		Debug|x86 = Debug|x86
		Release|x64 = Release|x64
		Release|x86 = Release|x86
	EndGlobalSection
	GlobalSection(ProjectConfigurationPlatforms) = postSolution
		{7BF2BA09-C625-43F6-811C-E02E93709B31}.Debug|x64.ActiveCfg = Debug|x64
		{7BF2BA09-C625-43F6-811C-E02E93709B31}.Debug|x64.Build.0 = Debug|x64
		{7BF2BA09-C625-43F6-811C-E02E93709B31}.Debug|x86.ActiveCfg = Debug|Win32
		{7BF2BA09-C625-43F6-811C-E02E93709B31}.Debug|x86.Build.0 = Debug|Win32
		{7BF2BA09-C625-43F6-811C-E02E93709B31}.Release|x64.ActiveCfg = Release|x64
		{7BF2BA09-C625-43F6-811C-E02E93709B31}.Release|x64.Build.0 = Release|x64
		{7BF2BA09-C625-43F6-811C-E02E93709B31}.Release|x86.ActiveCfg = Release|Win32
		{7BF2BA09-C625-43F6-811C-E02E93709B31}.Release|x86.Build.0 = Release|Win32
		{A278E689-918D-4DF2-8400-0C7F1CBB517D}.Debug|x64.ActiveCfg = Debug|x64
		{A278E689-918D-4DF2-8400-0C7F1CBB517D}.Debug|x64.Build.0 = Debug|x64
		{A278E689-918D-4DF2-8400-0C7F1CBB517D}.Debug|x86.ActiveCfg = Debug|Win32
		{A278E689-918D-4DF2-8400-0C7F1CBB517D}.Debug|x86.Build.0 = Debug|Win32
		{A278E689-918D-4DF2-8400-0C7F1CBB517D}.Release|x64.ActiveCfg = Release|x64
		{A278E689-918D-4DF2-8400-0C7F1CBB517D}.Release|x64.Build.0 = Release|x64
		{A278E689-918D-4DF2-8400-0C7F1CBB517D}.Release|x86.ActiveCfg = Release|Win32
		{A278E689-918D-4DF2-8400-0C7F1CBB517D}.Release|x86.Build.0 = Release|Win32
		{B01FB1FB-50DF-43C6-A649-3D35387B684E}.Debug|x64.ActiveCfg = Debug|x64
		{B01FB1FB-50DF-43C6-A649-3D35387B684E}.Debug|x64.Build.0 = Debug|x64
		{B01FB1FB-50DF-43C6-A649-3D35387B684E}.Debug|x86.ActiveCfg = Debug|Win32
		{B01FB1FB-50DF-43C6-A649-3D35387B684E}.Debug|x86.Build.0 = Debug|Win32
		{B01FB1FB-50DF-43C6-A649-3D35387B684E}.Release|x64.ActiveCfg = Release|x64
		{B01FB1FB-50DF-43C6-A649-3D35387B684E}.Release|x64.Build.0 = Release|x64
		{B01FB1FB-50DF-43C6-A649-3D35387B684E}.Release|x86.ActiveCfg = Release|Win32
		{B01FB1FB-50DF-43C6-A649-3D35387B684E}.Release|x86.Build.0 = Release|Win32
		{F27D3107-4C00-4ACE-873A-8D083528149A}.Debug|x64.ActiveCfg = Debug|x64
		{F27D3107-4C00-4ACE-873A-8D083528149A}.Debug|x64.Build.0 = Debug|x64
		{F27D3107-4C00-4ACE-873A-8D083528149A}.Debug|x86.ActiveCfg = Debug|Win32
		{F27D3107-4C00-4ACE-873A-8D083528149A}.Debug|x86.Build.0 = Debug|Win32
		{F27D3107-4C00-4ACE-873A-8D083528149A}.Release|x64.ActiveCfg = Release|x64
		{F27D3107-4C00-4ACE-873A-8D083528149A}.Release|x64.Build.0 = Release|x64
		{F27D3107-4C00-4ACE-873A-8D083528149A}.Release|x86.ActiveCfg = Release|Win32
		{F27D3107-4C00-4ACE-873A-8D083528149A}.Release|x86.Build.0 = Release|Win32
		{098FF911-1835-4455-85DA-F619CE476603}.Debug|x64.ActiveCfg = Debug|x64
		{098FF911-1835-4455-85DA-F619CE476603}.Debug|x64.Build.0 = Debug|x64
		{098FF911-1835-4455-85DA-F619CE476603}.Debug|x86.ActiveCfg = Debug|Win32
		{098FF911-1835-4455-85DA-F619CE476603}.Debug|x86.Build.0 = Debug|Win32
		{098FF911-1835-4455-85DA-F619CE476603}.Release|x64.ActiveCfg = Release|x64
		{098FF911-1835-4455-85DA-F619CE476603}.Release|x64.Build.0 = Release|x64
		{098FF911-1835-4455-85DA-F619CE476603}.Release|x86.ActiveCfg = Release|Win32
		{098FF911-1835-4455-85DA-F619CE476603}.Release|x86.Build.0 = Release|Win32
		{8E881982-35A7-4FE2-BD88-0D1B16D22A77}.Debug|x64.ActiveCfg = Debug|x64
		{8E881982-35A7-4FE2-BD88-0D1B16D22A77}.Debug|x64.Build.0 = Debug|x64
		{8E881982-35A7-4FE2-BD88-0D1B16D22A77}.Debug|x86.ActiveCfg = Debug|Win32
		{8E881982-35A7-4FE2-BD88-0D1B16D22A77}.Debug|x86.Build.0 = Debug|Win32
		{8E881982-35A7-4FE2-BD88-0D1B16D22A77}.Release|x64.ActiveCfg = Release|x64
		{8E881982-35A7-4FE2-BD88-0D1B16D22A77}.Release|x64.Build.0 = Release|x64
		{8E881982-35A7-4FE2-BD88-0D1B16D22A77}.Release|x86.ActiveCfg = Release|Win32
		{8E881982-35A7-4FE2-BD88-0D1B16D22A77}.Release|x86.Build.0 = Release|Win32
		{E091F53E-1735-4359-B58B-79D086642E6B}.Debug|x64.ActiveCfg = Debug|x64
		{E091F53E-1735-4359-B58B-79D086642E6B}.Debug|x64.Build.0 = Debug|x64
		{E091F53E-1735-4359-B58B-79D086642E6B}.Debug|x86.ActiveCfg = Debug|Win32
		{E091F53E-1735-4359-B58B-79D086642E6B}.Debug|x86.Build.0 = Debug|Win32
		{E091F53E-1735-4359-B58B-79D086642E6B}.Release|x64.ActiveCfg = Release|x64
		{E091F53E-1735-4359-B58B-79D086642E6B}.Release|x64.Build.0 = Release|x64
		{E091F53E-1735-4359-B58B-79D086642E6B}.Release|x86.ActiveCfg = Release|Win32
		{E091F53E-1735-4359-B58B-79D086642E6B}.Release|x86.Build.0 = Release|Win32
		{957B9EDD-D91C-473D-B0F7-2130C28FA2F0}.Debug|x64.ActiveCfg = Debug|x64
		{957B9EDD-D91C-473D-B0F7-2130C28FA2F0}.Debug|x64.Build.0 = Debug|x64
		{957B9EDD-D91C-473D-B0F7-2130C28FA2F0}.Debug|x86.ActiveCfg = Debug|Win32
		{957B9EDD-D91C-473D-B0F7-2130C28FA2F0}.Debug|x86.Build.0 = Debug|Win32
		{957B9EDD-D91C-473D-B0F7-2130C28FA2F0}.Release|x64.ActiveCfg = Release|x64
		{957B9EDD-D91C-473D-B0F7-2130C28FA2F0}.Release|x64.Build.0 = Release|x64
		{957B9EDD-D91C-473D-B0F7-2130C28FA2F0}.Release|x86.ActiveCfg = Release|Win32
		{957B9EDD-D91C-473D-B0F7-2130C28FA2F0}.Release|x86.Build.0 = Release|Win32
		{40D8C2AC-B2F3-437B-9D50-C89C0D8E1306}.Debug|x64.ActiveCfg = Debug|x64
		{40D8C2AC-B2F3-437B-9D50-C89C0D8E1306}.Debug|x64.Build.0 = Debug|x64
		{40D8C2AC-B2F3-437B-9D50-C89C0D8E1306}.Debug|x86.ActiveCfg = Debug|Win32
		{40D8C2AC-B2F3-437B-9D50-C89C0D8E1306}.Debug|x86.Build.0 = Debug|Win32
		{40D8C2AC-B2F3-437B-9D50-C89C0D8E1306}.Release|x64.ActiveCfg = Release|x64
		{40D8C2AC-B2F3-437B-9D50-C89C0D8E1306}.Release|x64.Build.0 = Release|x64
		{40D8C2AC-B2F3-437B-9D50-C89C0D8E1306}.Release|x86.ActiveCfg = Release|Win32
		{40D8C2AC-B2F3-437B-9D50-C89C0D8E1306}.Release|x86.Build.0 = Release|Win32
		{5273C5F2-4243-41A6-9F8D-1E94F219EDA3}.Debug|x64.ActiveCfg = Debug|x64
		{5273C5F2-4243-41A6-9F8D-1E94F219EDA3}.Debug|x64.Build.0 = Debug|x64
		{5273C5F2-4243-41A6-9F8D-1E94F219EDA3}.Debug|x86.ActiveCfg = Debug|Win32
		{5273C5F2-4243-41A6-9F8D-1E94F219EDA3}.Debug|x86.Build.0 = Debug|Win32
		{5273C5F2-4243-41A6-9F8D-1E94F219EDA3}.Release|x64.ActiveCfg = Release|x64
		{5273C5F2-4243-41A6-9F8D-1E94F219EDA3}.Release|x64.Build.0 = Release|x64
		{5273C5F2-4243-41A6-9F8D-1E94F219EDA3}.Release|x86.ActiveCfg = Release|Win32
		{5273C5F2-4243-41A6-9F8D-1E94F219EDA3}.Release|x86.Build.0 = Release|Win32
		{EBF6837C-04B0-4914-9BC3-8AC072E6B300}.Debug|x64.ActiveCfg = Debug|x64
		{EBF6837C-04B0-4914-9BC3-8AC072E6B300}.Debug|x64.Build.0 = Debug|x64
		{EBF6837C-04B0-4914-9BC3-8AC072E6B300}.Debug|x86.ActiveCfg = Debug|Win32
		{EBF6837C-04B0-4914-9BC3-8AC072E6B300}.Debug|x86.Build.0 = Debug|Win32
		{EBF6837C-04B0-4914-9BC3-8AC072E6B300}.Release|x64.ActiveCfg = Release|x64
		{EBF6837C-04B0-4914-9BC3-8AC072E6B300}.Release|x64.Build.0 = Release|x64
		{EBF6837C-04B0-4914-9BC3-8AC072E6B300}.Release|x86.ActiveCfg = Release|Win32
		{EBF6837C-04B0-4914-9BC3-8AC072E6B300}.Release|x86.Build.0 = Release|Win32
		{97C614B3-8820-4FEB-B215-10467CC2DE61}.Debug|x64.ActiveCfg = Debug|x64
		{97C614B3-8820-4FEB-B215-10467CC2DE61}.Debug|x64.Build.0 = Debug|x64
		{97C614B3-8820-4FEB-B215-10467CC2DE61}.Debug|x86.ActiveCfg = Debug|Win32
		{97C614B3-8820-4FEB-B215-10467CC2DE61}.Debug|x86.Build.0 = Debug|Win32
		{97C614B3-8820-4FEB-B215-10467CC2DE61}.Release|x64.ActiveCfg = Release|x64
		{97C614B3-8820-4FEB-B215-10467CC2DE61}.Release|x64.Build.0 = Release|x64
		{97C614B3-8820-4FEB-B215-10467CC2DE61}.Release|x86.ActiveCfg = Release|Win32
		{97C614B3-8820-4FEB-B215-10467CC2DE61}.Release|x86.Build.0 = Release|Win32
	EndGlobalSection
	GlobalSection(SolutionProperties) = preSolution
		HideSolutionNode = FALSE
	EndGlobalSection
	GlobalSection(ExtensibilityGlobals) = postSolution
		SolutionGuid = {7F7FEDB3-E891-42EE-997A-456AD79B7561}
	EndGlobalSection
EndGlobal
